
Microsoft Visual Studio Solution File, Format Version 12.00
# Visual Studio Version 17
VisualStudioVersion = 17.8.34309.116
MinimumVisualStudioVersion = 10.0.40219.1
Project("{FAE04EC0-301F-11D3-BF4B-00C04F79EFBC}") = "weather-app", "weather-app.csproj", "{12BB06C4-0476-4B65-9F03-D41E79B77F88}"
EndProject
Global
	GlobalSection(SolutionConfigurationPlatforms) = preSolution
		Debug|Any CPU = Debug|Any CPU
		Release|Any CPU = Release|Any CPU
	EndGlobalSection
	GlobalSection(ProjectConfigurationPlatforms) = postSolution
		{12BB06C4-0476-4B65-9F03-D41E79B77F88}.Debug|Any CPU.ActiveCfg = Debug|Any CPU
		{12BB06C4-0476-4B65-9F03-D41E79B77F88}.Debug|Any CPU.Build.0 = Debug|Any CPU
		{12BB06C4-0476-4B65-9F03-D41E79B77F88}.Release|Any CPU.ActiveCfg = Release|Any CPU
		{12BB06C4-0476-4B65-9F03-D41E79B77F88}.Release|Any CPU.Build.0 = Release|Any CPU
	EndGlobalSection
	GlobalSection(SolutionProperties) = preSolution
		HideSolutionNode = FALSE
	EndGlobalSection
	GlobalSection(ExtensibilityGlobals) = postSolution
		SolutionGuid = {65F7F16A-00CE-407F-93D4-07B0EA8E70E3}
	EndGlobalSection
EndGlobal
